
Microsoft Visual Studio Solution File, Format Version 12.00
# Visual Studio Version 17
VisualStudioVersion = 17.0.31903.59
MinimumVisualStudioVersion = 10.0.40219.1
Project("{FAE04EC0-301F-11D3-BF4B-00C04F79EFBC}") = "Billing.Api", "Billing.Api\Billing.Api.csproj", "{B128EE4C-1EAD-4BDA-9935-5289B1610B88}"
EndProject
Project("{FAE04EC0-301F-11D3-BF4B-00C04F79EFBC}") = "Billing.Domain", "Billing.Domain\Billing.Domain.csproj", "{3DC736EE-FD9A-4B29-853D-870220D9989C}"
EndProject
Project("{FAE04EC0-301F-11D3-BF4B-00C04F79EFBC}") = "Billing.Infrastructure", "Billing.Infrastructure\Billing.Infrastructure.csproj", "{483D5409-0185-41FF-95BD-7B1E02FBD261}"
EndProject
Project("{FAE04EC0-301F-11D3-BF4B-00C04F79EFBC}") = "Billing.Application", "Billing.Application\Billing.Application.csproj", "{800A2E53-7BCD-4665-BFD9-E846C6E4B2D5}"
EndProject
Global
	GlobalSection(SolutionConfigurationPlatforms) = preSolution
		Debug|Any CPU = Debug|Any CPU
		Release|Any CPU = Release|Any CPU
	EndGlobalSection
	GlobalSection(SolutionProperties) = preSolution
		HideSolutionNode = FALSE
	EndGlobalSection
	GlobalSection(ProjectConfigurationPlatforms) = postSolution
		{B128EE4C-1EAD-4BDA-9935-5289B1610B88}.Debug|Any CPU.ActiveCfg = Debug|Any CPU
		{B128EE4C-1EAD-4BDA-9935-5289B1610B88}.Debug|Any CPU.Build.0 = Debug|Any CPU
		{B128EE4C-1EAD-4BDA-9935-5289B1610B88}.Release|Any CPU.ActiveCfg = Release|Any CPU
		{B128EE4C-1EAD-4BDA-9935-5289B1610B88}.Release|Any CPU.Build.0 = Release|Any CPU
		{3DC736EE-FD9A-4B29-853D-870220D9989C}.Debug|Any CPU.ActiveCfg = Debug|Any CPU
		{3DC736EE-FD9A-4B29-853D-870220D9989C}.Debug|Any CPU.Build.0 = Debug|Any CPU
		{3DC736EE-FD9A-4B29-853D-870220D9989C}.Release|Any CPU.ActiveCfg = Release|Any CPU
		{3DC736EE-FD9A-4B29-853D-870220D9989C}.Release|Any CPU.Build.0 = Release|Any CPU
		{483D5409-0185-41FF-95BD-7B1E02FBD261}.Debug|Any CPU.ActiveCfg = Debug|Any CPU
		{483D5409-0185-41FF-95BD-7B1E02FBD261}.Debug|Any CPU.Build.0 = Debug|Any CPU
		{483D5409-0185-41FF-95BD-7B1E02FBD261}.Release|Any CPU.ActiveCfg = Release|Any CPU
		{483D5409-0185-41FF-95BD-7B1E02FBD261}.Release|Any CPU.Build.0 = Release|Any CPU
		{800A2E53-7BCD-4665-BFD9-E846C6E4B2D5}.Debug|Any CPU.ActiveCfg = Debug|Any CPU
		{800A2E53-7BCD-4665-BFD9-E846C6E4B2D5}.Debug|Any CPU.Build.0 = Debug|Any CPU
		{800A2E53-7BCD-4665-BFD9-E846C6E4B2D5}.Release|Any CPU.ActiveCfg = Release|Any CPU
		{800A2E53-7BCD-4665-BFD9-E846C6E4B2D5}.Release|Any CPU.Build.0 = Release|Any CPU
	EndGlobalSection
EndGlobal
